version = 1
revision = 3
requires-python = "==3.11.*"

[[package]]
name = "activegraph-longmemeval"
version = "0.1.0"
source = { editable = "." }
dependencies = [
    { name = "anthropic" },
    { name = "backoff" },
    { name = "click" },
    { name = "httpx" },
    { name = "numpy" },
    { name = "openai" },
    { name = "pydantic" },
    { name = "python-dotenv" },
    { name = "pyyaml" },
    { name = "rank-bm25" },
    { name = "requests" },
    { name = "tiktoken" },
    { name = "tqdm" },
]

[package.metadata]
requires-dist = [
    { name = "anthropic", specifier = "==0.40.0" },
    { name = "backoff", specifier = "==2.2.1" },
    { name = "click", specifier = "==8.1.7" },
    { name = "httpx", specifier = "==0.27.2" },
    { name = "numpy", specifier = "==1.26.4" },
    { name = "openai", specifier = "==1.54.0" },
    { name = "pydantic", specifier = "==2.9.2" },
    { name = "python-dotenv", specifier = "==1.0.1" },
    { name = "pyyaml", specifier = "==6.0.2" },
    { name = "rank-bm25", specifier = "==0.2.2" },
    { name = "requests", specifier = "==2.32.3" },
    { name = "tiktoken", specifier = "==0.8.0" },
    { name = "tqdm", specifier = "==4.66.5" },
]

[[package]]
name = "annotated-types"
version = "0.7.0"
source = { registry = "https://pypi.org/simple" }
sdist = { url = "https://files.pythonhosted.org/packages/ee/67/531ea369ba64dcff5ec9c3402f9f51bf748cec26dde048a2f973a4eea7f5/annotated_types-0.7.0.tar.gz", hash = "sha256:aff07c09a53a08bc8cfccb9c85b05f1aa9a2a6f23728d790723543408344ce89", size = 16081, upload-time = "2024-05-20T21:33:25.928Z" }
wheels = [
    { url = "https://files.pythonhosted.org/packages/78/b6/6307fbef88d9b5ee7421e68d78a9f162e0da4900bc5f5793f6d3d0e34fb8/annotated_types-0.7.0-py3-none-any.whl", hash = "sha256:1f02e8b43a8fbbc3f3e0d4f0f4bfc8131bcb4eebe8849b8e5c773f3a1c582a53", size = 13643, upload-time = "2024-05-20T21:33:24.1Z" },
]

[[package]]
name = "anthropic"
version = "0.40.0"
source = { registry = "https://pypi.org/simple" }
dependencies = [
    { name = "anyio" },
    { name = "distro" },
    { name = "httpx" },
    { name = "jiter" },
    { name = "pydantic" },
    { name = "sniffio" },
    { name = "typing-extensions" },
]
sdist = { url = "https://files.pythonhosted.org/packages/4d/d9/c39005f04c602607d68d48d1c917b35af8d16b687b7ca427ca787c39d8b9/anthropic-0.40.0.tar.gz", hash = "sha256:3efeca6d9e97813f93ed34322c6c7ea2279bf0824cd0aa71b59ce222665e2b87", size = 190939, upload-time = "2024-11-28T16:29:48.789Z" }
wheels = [
    { url = "https://files.pythonhosted.org/packages/cb/18/a68cfb9a11990377650c36c25b5dfb0baece900e9e505b68e1aa06ad0227/anthropic-0.40.0-py3-none-any.whl", hash = "sha256:442028ae8790ff9e3b6f8912043918755af1230d193904ae2ef78cc22995280c", size = 199484, upload-time = "2024-11-28T16:29:47.107Z" },
]

[[package]]
name = "anyio"
version = "4.13.0"
source = { registry = "https://pypi.org/simple" }
dependencies = [
    { name = "idna" },
    { name = "typing-extensions" },
]
sdist = { url = "https://files.pythonhosted.org/packages/19/14/2c5dd9f512b66549ae92767a9c7b330ae88e1932ca57876909410251fe13/anyio-4.13.0.tar.gz", hash = "sha256:334b70e641fd2221c1505b3890c69882fe4a2df910cba14d97019b90b24439dc", size = 231622, upload-time = "2026-03-24T12:59:09.671Z" }
wheels = [
    { url = "https://files.pythonhosted.org/packages/da/42/e921fccf5015463e32a3cf6ee7f980a6ed0f395ceeaa45060b61d86486c2/anyio-4.13.0-py3-none-any.whl", hash = "sha256:08b310f9e24a9594186fd75b4f73f4a4152069e3853f1ed8bfbf58369f4ad708", size = 114353, upload-time = "2026-03-24T12:59:08.246Z" },
]

[[package]]
name = "backoff"
version = "2.2.1"
source = { registry = "https://pypi.org/simple" }
sdist = { url = "https://files.pythonhosted.org/packages/47/d7/5bbeb12c44d7c4f2fb5b56abce497eb5ed9f34d85701de869acedd602619/backoff-2.2.1.tar.gz", hash = "sha256:03f829f5bb1923180821643f8753b0502c3b682293992485b0eef2807afa5cba", size = 17001, upload-time = "2022-10-05T19:19:32.061Z" }
wheels = [
    { url = "https://files.pythonhosted.org/packages/df/73/b6e24bd22e6720ca8ee9a85a0c4a2971af8497d8f3193fa05390cbd46e09/backoff-2.2.1-py3-none-any.whl", hash = "sha256:63579f9a0628e06278f7e47b7d7d5b6ce20dc65c5e96a6f3ca99a6adca0396e8", size = 15148, upload-time = "2022-10-05T19:19:30.546Z" },
]

[[package]]
name = "certifi"
version = "2026.5.20"
source = { registry = "https://pypi.org/simple" }
sdist = { url = "https://files.pythonhosted.org/packages/f3/ce/ee2ecad540810a79593028e88299baeae54d346cc7a0d94b6199988b89b1/certifi-2026.5.20.tar.gz", hash = "sha256:69dea482ab64caa7b9f6aba1c6bf48bb6a5448d1c0f1b17ab42ad8c763a5344d", size = 135422, upload-time = "2026-05-20T11:46:50.073Z" }
wheels = [
    { url = "https://files.pythonhosted.org/packages/59/8c/57e832b7af6d7c5abe66eb3fbe3a3a32f4d11ea23a1aa7131371035be991/certifi-2026.5.20-py3-none-any.whl", hash = "sha256:3c52e209ba0a4ad7aebe60436a4ab349c39e1e602e8c134221e546902ad25897", size = 134134, upload-time = "2026-05-20T11:46:48.578Z" },
]

[[package]]
name = "charset-normalizer"
version = "3.4.7"
source = { registry = "https://pypi.org/simple" }
sdist = { url = "https://files.pythonhosted.org/packages/e7/a1/67fe25fac3c7642725500a3f6cfe5821ad557c3abb11c9d20d12c7008d3e/charset_normalizer-3.4.7.tar.gz", hash = "sha256:ae89db9e5f98a11a4bf50407d4363e7b09b31e55bc117b4f7d80aab97ba009e5", size = 144271, upload-time = "2026-04-02T09:28:39.342Z" }
wheels = [
    { url = "https://files.pythonhosted.org/packages/c2/d7/b5b7020a0565c2e9fa8c09f4b5fa6232feb326b8c20081ccded47ea368fd/charset_normalizer-3.4.7-cp311-cp311-macosx_10_9_universal2.whl", hash = "sha256:7641bb8895e77f921102f72833904dcd9901df5d6d72a2ab8f31d04b7e51e4e7", size = 309705, upload-time = "2026-04-02T09:26:02.191Z" },
    { url = "https://files.pythonhosted.org/packages/5a/53/58c29116c340e5456724ecd2fff4196d236b98f3da97b404bc5e51ac3493/charset_normalizer-3.4.7-cp311-cp311-manylinux2014_aarch64.manylinux_2_17_aarch64.manylinux_2_28_aarch64.whl", hash = "sha256:202389074300232baeb53ae2569a60901f7efadd4245cf3a3bf0617d60b439d7", size = 206419, upload-time = "2026-04-02T09:26:03.583Z" },
    { url = "https://files.pythonhosted.org/packages/b2/02/e8146dc6591a37a00e5144c63f29fb7c97a734ea8a111190783c0e60ab63/charset_normalizer-3.4.7-cp311-cp311-manylinux2014_ppc64le.manylinux_2_17_ppc64le.manylinux_2_28_ppc64le.whl", hash = "sha256:30b8d1d8c52a48c2c5690e152c169b673487a2a58de1ec7393196753063fcd5e", size = 227901, upload-time = "2026-04-02T09:26:04.738Z" },
    { url = "https://files.pythonhosted.org/packages/fb/73/77486c4cd58f1267bf17db420e930c9afa1b3be3fe8c8b8ebbebc9624359/charset_normalizer-3.4.7-cp311-cp311-manylinux2014_s390x.manylinux_2_17_s390x.manylinux_2_28_s390x.whl", hash = "sha256:532bc9bf33a68613fd7d65e4b1c71a6a38d7d42604ecf239c77392e9b4e8998c", size = 222742, upload-time = "2026-04-02T09:26:06.36Z" },
    { url = "https://files.pythonhosted.org/packages/a1/fa/f74eb381a7d94ded44739e9d94de18dc5edc9c17fb8c11f0a6890696c0a9/charset_normalizer-3.4.7-cp311-cp311-manylinux2014_x86_64.manylinux_2_17_x86_64.manylinux_2_28_x86_64.whl", hash = "sha256:2fe249cb4651fd12605b7288b24751d8bfd46d35f12a20b1ba33dea122e690df", size = 214061, upload-time = "2026-04-02T09:26:08.347Z" },
    { url = "https://files.pythonhosted.org/packages/dc/92/42bd3cefcf7687253fb86694b45f37b733c97f59af3724f356fa92b8c344/charset_normalizer-3.4.7-cp311-cp311-manylinux_2_31_armv7l.whl", hash = "sha256:65bcd23054beab4d166035cabbc868a09c1a49d1efe458fe8e4361215df40265", size = 199239, upload-time = "2026-04-02T09:26:09.823Z" },
    { url = "https://files.pythonhosted.org/packages/4c/3d/069e7184e2aa3b3cddc700e3dd267413dc259854adc3380421c805c6a17d/charset_normalizer-3.4.7-cp311-cp311-manylinux_2_31_riscv64.manylinux_2_39_riscv64.whl", hash = "sha256:08e721811161356f97b4059a9ba7bafb23ea5ee2255402c42881c214e173c6b4", size = 210173, upload-time = "2026-04-02T09:26:10.953Z" },
    { url = "https://files.pythonhosted.org/packages/62/51/9d56feb5f2e7074c46f93e0ebdbe61f0848ee246e2f0d89f8e20b89ebb8f/charset_normalizer-3.4.7-cp311-cp311-musllinux_1_2_aarch64.whl", hash = "sha256:e060d01aec0a910bdccb8be71faf34e7799ce36950f8294c8bf612cba65a2c9e", size = 209841, upload-time = "2026-04-02T09:26:12.142Z" },
    { url = "https://files.pythonhosted.org/packages/d2/59/893d8f99cc4c837dda1fe2f1139079703deb9f321aabcb032355de13b6c7/charset_normalizer-3.4.7-cp311-cp311-musllinux_1_2_armv7l.whl", hash = "sha256:38c0109396c4cfc574d502df99742a45c72c08eff0a36158b6f04000043dbf38", size = 200304, upload-time = "2026-04-02T09:26:13.711Z" },
    { url = "https://files.pythonhosted.org/packages/7d/1d/ee6f3be3464247578d1ed5c46de545ccc3d3ff933695395c402c21fa6b77/charset_normalizer-3.4.7-cp311-cp311-musllinux_1_2_ppc64le.whl", hash = "sha256:1c2a768fdd44ee4a9339a9b0b130049139b8ce3c01d2ce09f67f5a68048d477c", size = 229455, upload-time = "2026-04-02T09:26:14.941Z" },
    { url = "https://files.pythonhosted.org/packages/54/bb/8fb0a946296ea96a488928bdce8ef99023998c48e4713af533e9bb98ef07/charset_normalizer-3.4.7-cp311-cp311-musllinux_1_2_riscv64.whl", hash = "sha256:1a87ca9d5df6fe460483d9a5bbf2b18f620cbed41b432e2bddb686228282d10b", size = 210036, upload-time = "2026-04-02T09:26:16.478Z" },
    { url = "https://files.pythonhosted.org/packages/9a/bc/015b2387f913749f82afd4fcba07846d05b6d784dd16123cb66860e0237d/charset_normalizer-3.4.7-cp311-cp311-musllinux_1_2_s390x.whl", hash = "sha256:d635aab80466bc95771bb78d5370e74d36d1fe31467b6b29b8b57b2a3cd7d22c", size = 224739, upload-time = "2026-04-02T09:26:17.751Z" },
    { url = "https://files.pythonhosted.org/packages/17/ab/63133691f56baae417493cba6b7c641571a2130eb7bceba6773367ab9ec5/charset_normalizer-3.4.7-cp311-cp311-musllinux_1_2_x86_64.whl", hash = "sha256:ae196f021b5e7c78e918242d217db021ed2a6ace2bc6ae94c0fc596221c7f58d", size = 216277, upload-time = "2026-04-02T09:26:18.981Z" },
    { url = "https://files.pythonhosted.org/packages/06/6d/3be70e827977f20db77c12a97e6a9f973631a45b8d186c084527e53e77a4/charset_normalizer-3.4.7-cp311-cp311-win32.whl", hash = "sha256:adb2597b428735679446b46c8badf467b4ca5f5056aae4d51a19f9570301b1ad", size = 147819, upload-time = "2026-04-02T09:26:20.295Z" },
    { url = "https://files.pythonhosted.org/packages/20/d9/5f67790f06b735d7c7637171bbfd89882ad67201891b7275e51116ed8207/charset_normalizer-3.4.7-cp311-cp311-win_amd64.whl", hash = "sha256:8e385e4267ab76874ae30db04c627faaaf0b509e1ccc11a95b3fc3e83f855c00", size = 159281, upload-time = "2026-04-02T09:26:21.74Z" },
    { url = "https://files.pythonhosted.org/packages/ca/83/6413f36c5a34afead88ce6f66684d943d91f233d76dd083798f9602b75ae/charset_normalizer-3.4.7-cp311-cp311-win_arm64.whl", hash = "sha256:d4a48e5b3c2a489fae013b7589308a40146ee081f6f509e047e0e096084ceca1", size = 147843, upload-time = "2026-04-02T09:26:22.901Z" },
    { url = "https://files.pythonhosted.org/packages/db/8f/61959034484a4a7c527811f4721e75d02d653a35afb0b6054474d8185d4c/charset_normalizer-3.4.7-py3-none-any.whl", hash = "sha256:3dce51d0f5e7951f8bb4900c257dad282f49190fdbebecd4ba99bcc41fef404d", size = 61958, upload-time = "2026-04-02T09:28:37.794Z" },
]

[[package]]
name = "click"
version = "8.1.7"
source = { registry = "https://pypi.org/simple" }
dependencies = [
    { name = "colorama", marker = "sys_platform == 'win32'" },
]
sdist = { url = "https://files.pythonhosted.org/packages/96/d3/f04c7bfcf5c1862a2a5b845c6b2b360488cf47af55dfa79c98f6a6bf98b5/click-8.1.7.tar.gz", hash = "sha256:ca9853ad459e787e2192211578cc907e7594e294c7ccc834310722b41b9ca6de", size = 336121, upload-time = "2023-08-17T17:29:11.868Z" }
wheels = [
    { url = "https://files.pythonhosted.org/packages/00/2e/d53fa4befbf2cfa713304affc7ca780ce4fc1fd8710527771b58311a3229/click-8.1.7-py3-none-any.whl", hash = "sha256:ae74fb96c20a0277a1d615f1e4d73c8414f5a98db8b799a7931d1582f3390c28", size = 97941, upload-time = "2023-08-17T17:29:10.08Z" },
]

[[package]]
name = "colorama"
version = "0.4.6"
source = { registry = "https://pypi.org/simple" }
sdist = { url = "https://files.pythonhosted.org/packages/d8/53/6f443c9a4a8358a93a6792e2acffb9d9d5cb0a5cfd8802644b7b1c9a02e4/colorama-0.4.6.tar.gz", hash = "sha256:08695f5cb7ed6e0531a20572697297273c47b8cae5a63ffc6d6ed5c201be6e44", size = 27697, upload-time = "2022-10-25T02:36:22.414Z" }
wheels = [
    { url = "https://files.pythonhosted.org/packages/d1/d6/3965ed04c63042e047cb6a3e6ed1a63a35087b6a609aa3a15ed8ac56c221/colorama-0.4.6-py2.py3-none-any.whl", hash = "sha256:4f1d9991f5acc0ca119f9d443620b77f9d6b33703e51011c16baf57afb285fc6", size = 25335, upload-time = "2022-10-25T02:36:20.889Z" },
]

[[package]]
name = "distro"
version = "1.9.0"
source = { registry = "https://pypi.org/simple" }
sdist = { url = "https://files.pythonhosted.org/packages/fc/f8/98eea607f65de6527f8a2e8885fc8015d3e6f5775df186e443e0964a11c3/distro-1.9.0.tar.gz", hash = "sha256:2fa77c6fd8940f116ee1d6b94a2f90b13b5ea8d019b98bc8bafdcabcdd9bdbed", size = 60722, upload-time = "2023-12-24T09:54:32.31Z" }
wheels = [
    { url = "https://files.pythonhosted.org/packages/12/b3/231ffd4ab1fc9d679809f356cebee130ac7daa00d6d6f3206dd4fd137e9e/distro-1.9.0-py3-none-any.whl", hash = "sha256:7bffd925d65168f85027d8da9af6bddab658135b840670a223589bc0c8ef02b2", size = 20277, upload-time = "2023-12-24T09:54:30.421Z" },
]

[[package]]
name = "h11"
version = "0.16.0"
source = { registry = "https://pypi.org/simple" }
sdist = { url = "https://files.pythonhosted.org/packages/01/ee/02a2c011bdab74c6fb3c75474d40b3052059d95df7e73351460c8588d963/h11-0.16.0.tar.gz", hash = "sha256:4e35b956cf45792e4caa5885e69fba00bdbc6ffafbfa020300e549b208ee5ff1", size = 101250, upload-time = "2025-04-24T03:35:25.427Z" }
wheels = [
    { url = "https://files.pythonhosted.org/packages/04/4b/29cac41a4d98d144bf5f6d33995617b185d14b22401f75ca86f384e87ff1/h11-0.16.0-py3-none-any.whl", hash = "sha256:63cf8bbe7522de3bf65932fda1d9c2772064ffb3dae62d55932da54b31cb6c86", size = 37515, upload-time = "2025-04-24T03:35:24.344Z" },
]

[[package]]
name = "httpcore"
version = "1.0.9"
source = { registry = "https://pypi.org/simple" }
dependencies = [
    { name = "certifi" },
    { name = "h11" },
]
sdist = { url = "https://files.pythonhosted.org/packages/06/94/82699a10bca87a5556c9c59b5963f2d039dbd239f25bc2a63907a05a14cb/httpcore-1.0.9.tar.gz", hash = "sha256:6e34463af53fd2ab5d807f399a9b45ea31c3dfa2276f15a2c3f00afff6e176e8", size = 85484, upload-time = "2025-04-24T22:06:22.219Z" }
wheels = [
    { url = "https://files.pythonhosted.org/packages/7e/f5/f66802a942d491edb555dd61e3a9961140fd64c90bce1eafd741609d334d/httpcore-1.0.9-py3-none-any.whl", hash = "sha256:2d400746a40668fc9dec9810239072b40b4484b640a8c38fd654a024c7a1bf55", size = 78784, upload-time = "2025-04-24T22:06:20.566Z" },
]

[[package]]
name = "httpx"
version = "0.27.2"
source = { registry = "https://pypi.org/simple" }
dependencies = [
    { name = "anyio" },
    { name = "certifi" },
    { name = "httpcore" },
    { name = "idna" },
    { name = "sniffio" },
]
sdist = { url = "https://files.pythonhosted.org/packages/78/82/08f8c936781f67d9e6b9eeb8a0c8b4e406136ea4c3d1f89a5db71d42e0e6/httpx-0.27.2.tar.gz", hash = "sha256:f7c2be1d2f3c3c3160d441802406b206c2b76f5947b11115e6df10c6c65e66c2", size = 144189, upload-time = "2024-08-27T12:54:01.334Z" }
wheels = [
    { url = "https://files.pythonhosted.org/packages/56/95/9377bcb415797e44274b51d46e3249eba641711cf3348050f76ee7b15ffc/httpx-0.27.2-py3-none-any.whl", hash = "sha256:7bb2708e112d8fdd7829cd4243970f0c223274051cb35ee80c03301ee29a3df0", size = 76395, upload-time = "2024-08-27T12:53:59.653Z" },
]

[[package]]
name = "idna"
version = "3.16"
source = { registry = "https://pypi.org/simple" }
sdist = { url = "https://files.pythonhosted.org/packages/1a/88/bcf9709822fe69d02c2a6a77956c98ce6ea8ca8767a9aadcedc7eb6a2390/idna-3.16.tar.gz", hash = "sha256:d7a6da03db833450fca25d2358ac9ff06cd624577a4aea3a596d5c0f77b8e03d", size = 203770, upload-time = "2026-05-22T00:16:18.781Z" }
wheels = [
    { url = "https://files.pythonhosted.org/packages/94/16/70255075a9859a0e3adb789b68ceb0e210dec03934245fd98d248226572f/idna-3.16-py3-none-any.whl", hash = "sha256:cc246e3a3f89580c3a951b5ad298ca4638078b2cdd4f115654332b5c26daded5", size = 74165, upload-time = "2026-05-22T00:16:16.698Z" },
]

[[package]]
name = "jiter"
version = "0.15.0"
source = { registry = "https://pypi.org/simple" }
sdist = { url = "https://files.pythonhosted.org/packages/66/b5/55f06bb281d92fb3cc86d14e1def2bd908bb77693183e7cb1f5a3c388b0c/jiter-0.15.0.tar.gz", hash = "sha256:4251acc80e2b7c9b7b8823456ea0fceeb0734dac2df7636d3c711b38476b5a76", size = 166640, upload-time = "2026-05-19T10:09:48.361Z" }
wheels = [
    { url = "https://files.pythonhosted.org/packages/e4/13/daa722f5765c393576f466378f9dfd29d77c9bed939e0688f96afa3601ea/jiter-0.15.0-cp311-cp311-macosx_10_12_x86_64.whl", hash = "sha256:0f862193b8696249d22ec433e85fd2ab0ad9596bc3e45e6c0bc55e8aeba97be2", size = 310899, upload-time = "2026-05-19T10:07:12.89Z" },
    { url = "https://files.pythonhosted.org/packages/7f/82/2d2551829b082f4b6d82b9f939b031fb808a10aab1ec0664f82e150bb9a2/jiter-0.15.0-cp311-cp311-macosx_11_0_arm64.whl", hash = "sha256:1303d4d68a9b051ea90502402063ecf3807da00ad2affa19ca1ae3b90b3c5f67", size = 314963, upload-time = "2026-05-19T10:07:14.539Z" },
    { url = "https://files.pythonhosted.org/packages/2a/0a/8b1a51466f7fe9f31dbe4bc7e0ca848674f9825e0f737b929b97e8c60aa7/jiter-0.15.0-cp311-cp311-manylinux_2_17_aarch64.manylinux2014_aarch64.whl", hash = "sha256:392b8ab019e5502d08aff85c6272209c24bc2cbe706ea82a56368f524236614a", size = 341730, upload-time = "2026-05-19T10:07:15.869Z" },
    { url = "https://files.pythonhosted.org/packages/f6/2a/e71dea19822e2e404e83992a08c1d6b9b617bb944f28c9c2fbd85d02c91e/jiter-0.15.0-cp311-cp311-manylinux_2_17_armv7l.manylinux2014_armv7l.whl", hash = "sha256:773b6eb282ce11ee19f05f6b2d4404fa308e5bbd353b0b80a0262caad6db2cd7", size = 366214, upload-time = "2026-05-19T10:07:17.259Z" },
    { url = "https://files.pythonhosted.org/packages/c4/59/97e1fa539d124a509a00ab7f669289d1c1d236ecabf12948a18f16c91082/jiter-0.15.0-cp311-cp311-manylinux_2_17_ppc64le.manylinux2014_ppc64le.whl", hash = "sha256:8d2c0c44d569ce0f2850f5c926f8caeb5f245fbc84475aeb36efccc2103e6dbd", size = 459527, upload-time = "2026-05-19T10:07:18.741Z" },
    { url = "https://files.pythonhosted.org/packages/d1/7a/4a68d331aef8cf2e2393c14a3aacb635c62aa86071b0229899fb5baaa907/jiter-0.15.0-cp311-cp311-manylinux_2_17_s390x.manylinux2014_s390x.whl", hash = "sha256:032396229564bca02440396bd327710719f724f5e7b7e9f7a8eb3faa4a2c2281", size = 375451, upload-time = "2026-05-19T10:07:20.208Z" },
    { url = "https://files.pythonhosted.org/packages/7b/7e/1c445c2b6f0e30a274dc8082e0c3c7825411cce80d726bccd697c98cc8d3/jiter-0.15.0-cp311-cp311-manylinux_2_17_x86_64.manylinux2014_x86_64.whl", hash = "sha256:f3d37768fce7f88dd2a8c6091f2325dea27d30d30d5c6e7a1c0f0af77723b708", size = 349428, upload-time = "2026-05-19T10:07:22.372Z" },
    { url = "https://files.pythonhosted.org/packages/00/94/e20d38984fc17a636371bffd2ae0f698124fdc8e75ef969cd2da6ba7cea7/jiter-0.15.0-cp311-cp311-manylinux_2_31_riscv64.whl", hash = "sha256:2c9cb907439d20bd0c7d7565ca01ee52234203208433749bae5b516907526928", size = 355405, upload-time = "2026-05-19T10:07:23.916Z" },
    { url = "https://files.pythonhosted.org/packages/94/fa/4d09f814779d0ea80a28ed8e4c6662ec9a4a8ecef0ac52190ebac6262d14/jiter-0.15.0-cp311-cp311-manylinux_2_5_i686.manylinux1_i686.whl", hash = "sha256:9100ddbec09741cc66feb0fc6773f8bdbd0e3c345689368f260082ff85dcc0cd", size = 393688, upload-time = "2026-05-19T10:07:25.854Z" },
    { url = "https://files.pythonhosted.org/packages/54/9d/8eb5d4fb8bf7e93a75964a5da71a75c67c864baf7fa3f98598187b3c7e57/jiter-0.15.0-cp311-cp311-musllinux_1_1_aarch64.whl", hash = "sha256:ae1b0d82ac2d987f9ea512b1c9adfcc71a28de3dea3a6039b54d76cffda9901e", size = 520853, upload-time = "2026-05-19T10:07:27.303Z" },
    { url = "https://files.pythonhosted.org/packages/e7/2c/5e07874e59e623a943a0acf1552a80d05b70f31b402287a8fc6d7ec634c7/jiter-0.15.0-cp311-cp311-musllinux_1_1_x86_64.whl", hash = "sha256:8020c99ec13a7db2b6f96cbe82ef4721c88b426a4892f27478044af0284615ef", size = 551016, upload-time = "2026-05-19T10:07:28.846Z" },
    { url = "https://files.pythonhosted.org/packages/22/ed/d2d34422143474cadc15b60d482b1c35683dbc5c63c24346ddd0df09bcaf/jiter-0.15.0-cp311-cp311-win32.whl", hash = "sha256:42bfb257930800cf43e7c62c832402c704ab60797c992faf88d20e903eac8f32", size = 209518, upload-time = "2026-05-19T10:07:30.431Z" },
    { url = "https://files.pythonhosted.org/packages/1d/7d/52778b930e5cc3e52a37d950b1c10494244308b4329b25a0ff0d88303a81/jiter-0.15.0-cp311-cp311-win_amd64.whl", hash = "sha256:860a74063284a2ae9bfedd694f299cc2c68e2696c5f3d440cc9d18bb81b9dd04", size = 200565, upload-time = "2026-05-19T10:07:32.125Z" },
    { url = "https://files.pythonhosted.org/packages/3b/4f/d9b4067feb69b3fa6eb0488e1b59e2ad5b463fe39f59e527eab2aca00bb0/jiter-0.15.0-cp311-cp311-win_arm64.whl", hash = "sha256:37a10c377ce3a4a85f4a67f28b7afe093154cde77eaf248a72e856aa08b4d865", size = 195488, upload-time = "2026-05-19T10:07:33.846Z" },
    { url = "https://files.pythonhosted.org/packages/65/43/1fc62172aa98b50a7de9a25554060db510f85c89cfbed0dfe13e1907a139/jiter-0.15.0-graalpy311-graalpy242_311_native-macosx_10_12_x86_64.whl", hash = "sha256:411fa4dfa5a7ae3d11491027ffb9beadec3996010a986862db70d91abba1c750", size = 305585, upload-time = "2026-05-19T10:09:35.995Z" },
    { url = "https://files.pythonhosted.org/packages/e8/c4/dd58fcd9e2df83666e5c1c1347bef58ce919cd8efc3ffa38aeea62ce493b/jiter-0.15.0-graalpy311-graalpy242_311_native-macosx_11_0_arm64.whl", hash = "sha256:2b0074e2f56eb2dacca1689760fd2852a068f85a0547a157b82cb4cafeb6768b", size = 306936, upload-time = "2026-05-19T10:09:37.435Z" },
    { url = "https://files.pythonhosted.org/packages/39/86/b695e16f1180c07f43ea98e73ecd21cf63fa2e1b0c1103739013784d11ae/jiter-0.15.0-graalpy311-graalpy242_311_native-manylinux_2_17_aarch64.manylinux2014_aarch64.whl", hash = "sha256:913d02d29c9606643418d9ccfc3b72492ab25a6bf7889934e09a3490f8d3438b", size = 342453, upload-time = "2026-05-19T10:09:39.294Z" },
    { url = "https://files.pythonhosted.org/packages/34/56/55d76614af37fe3f22a3347d1e410d2a15da581997cb2da499a625000bb5/jiter-0.15.0-graalpy311-graalpy242_311_native-manylinux_2_17_x86_64.manylinux2014_x86_64.whl", hash = "sha256:b15d3ec9b0449c40e85319bdb4caa8b77ab526e74f5532ed94bec15e2f66822c", size = 345606, upload-time = "2026-05-19T10:09:40.727Z" },
]

[[package]]
name = "numpy"
version = "1.26.4"
source = { registry = "https://pypi.org/simple" }
sdist = { url = "https://files.pythonhosted.org/packages/65/6e/09db70a523a96d25e115e71cc56a6f9031e7b8cd166c1ac8438307c14058/numpy-1.26.4.tar.gz", hash = "sha256:2a02aba9ed12e4ac4eb3ea9421c420301a0c6460d9830d74a9df87efa4912010", size = 15786129, upload-time = "2024-02-06T00:26:44.495Z" }
wheels = [
    { url = "https://files.pythonhosted.org/packages/11/57/baae43d14fe163fa0e4c47f307b6b2511ab8d7d30177c491960504252053/numpy-1.26.4-cp311-cp311-macosx_10_9_x86_64.whl", hash = "sha256:4c66707fabe114439db9068ee468c26bbdf909cac0fb58686a42a24de1760c71", size = 20630554, upload-time = "2024-02-05T23:51:50.149Z" },
    { url = "https://files.pythonhosted.org/packages/1a/2e/151484f49fd03944c4a3ad9c418ed193cfd02724e138ac8a9505d056c582/numpy-1.26.4-cp311-cp311-macosx_11_0_arm64.whl", hash = "sha256:edd8b5fe47dab091176d21bb6de568acdd906d1887a4584a15a9a96a1dca06ef", size = 13997127, upload-time = "2024-02-05T23:52:15.314Z" },
    { url = "https://files.pythonhosted.org/packages/79/ae/7e5b85136806f9dadf4878bf73cf223fe5c2636818ba3ab1c585d0403164/numpy-1.26.4-cp311-cp311-manylinux_2_17_aarch64.manylinux2014_aarch64.whl", hash = "sha256:7ab55401287bfec946ced39700c053796e7cc0e3acbef09993a9ad2adba6ca6e", size = 14222994, upload-time = "2024-02-05T23:52:47.569Z" },
    { url = "https://files.pythonhosted.org/packages/3a/d0/edc009c27b406c4f9cbc79274d6e46d634d139075492ad055e3d68445925/numpy-1.26.4-cp311-cp311-manylinux_2_17_x86_64.manylinux2014_x86_64.whl", hash = "sha256:666dbfb6ec68962c033a450943ded891bed2d54e6755e35e5835d63f4f6931d5", size = 18252005, upload-time = "2024-02-05T23:53:15.637Z" },
    { url = "https://files.pythonhosted.org/packages/09/bf/2b1aaf8f525f2923ff6cfcf134ae5e750e279ac65ebf386c75a0cf6da06a/numpy-1.26.4-cp311-cp311-musllinux_1_1_aarch64.whl", hash = "sha256:96ff0b2ad353d8f990b63294c8986f1ec3cb19d749234014f4e7eb0112ceba5a", size = 13885297, upload-time = "2024-02-05T23:53:42.16Z" },
    { url = "https://files.pythonhosted.org/packages/df/a0/4e0f14d847cfc2a633a1c8621d00724f3206cfeddeb66d35698c4e2cf3d2/numpy-1.26.4-cp311-cp311-musllinux_1_1_x86_64.whl", hash = "sha256:60dedbb91afcbfdc9bc0b1f3f402804070deed7392c23eb7a7f07fa857868e8a", size = 18093567, upload-time = "2024-02-05T23:54:11.696Z" },
    { url = "https://files.pythonhosted.org/packages/d2/b7/a734c733286e10a7f1a8ad1ae8c90f2d33bf604a96548e0a4a3a6739b468/numpy-1.26.4-cp311-cp311-win32.whl", hash = "sha256:1af303d6b2210eb850fcf03064d364652b7120803a0b872f5211f5234b399f20", size = 5968812, upload-time = "2024-02-05T23:54:26.453Z" },
    { url = "https://files.pythonhosted.org/packages/3f/6b/5610004206cf7f8e7ad91c5a85a8c71b2f2f8051a0c0c4d5916b76d6cbb2/numpy-1.26.4-cp311-cp311-win_amd64.whl", hash = "sha256:cd25bcecc4974d09257ffcd1f098ee778f7834c3ad767fe5db785be9a4aa9cb2", size = 15811913, upload-time = "2024-02-05T23:54:53.933Z" },
]

[[package]]
name = "openai"
version = "1.54.0"
source = { registry = "https://pypi.org/simple" }
dependencies = [
    { name = "anyio" },
    { name = "distro" },
    { name = "httpx" },
    { name = "jiter" },
    { name = "pydantic" },
    { name = "sniffio" },
    { name = "tqdm" },
    { name = "typing-extensions" },
]
sdist = { url = "https://files.pythonhosted.org/packages/6d/15/2bf6bb16e49c5a56beae6586aa83785578a875c544349f84a2ccac38e221/openai-1.54.0.tar.gz", hash = "sha256:df2a84384314165b706722a7ac8988dc33eba20dd7fc3b939d138110e608b1ce", size = 312249, upload-time = "2024-11-04T22:51:19.274Z" }
wheels = [
    { url = "https://files.pythonhosted.org/packages/9b/60/d3925bbd89c19dfa00eefc91ea5109b6cb2a9b1c133a2519c28277738ed1/openai-1.54.0-py3-none-any.whl", hash = "sha256:24ed8874b56e919f0fbb80b7136c3fb022dc82ce9f5f21579b7b280ea4bba249", size = 389267, upload-time = "2024-11-04T22:51:16.91Z" },
]

[[package]]
name = "pydantic"
version = "2.9.2"
source = { registry = "https://pypi.org/simple" }
dependencies = [
    { name = "annotated-types" },
    { name = "pydantic-core" },
    { name = "typing-extensions" },
]
sdist = { url = "https://files.pythonhosted.org/packages/a9/b7/d9e3f12af310e1120c21603644a1cd86f59060e040ec5c3a80b8f05fae30/pydantic-2.9.2.tar.gz", hash = "sha256:d155cef71265d1e9807ed1c32b4c8deec042a44a50a4188b25ac67ecd81a9c0f", size = 769917, upload-time = "2024-09-17T15:59:54.273Z" }
wheels = [
    { url = "https://files.pythonhosted.org/packages/df/e4/ba44652d562cbf0bf320e0f3810206149c8a4e99cdbf66da82e97ab53a15/pydantic-2.9.2-py3-none-any.whl", hash = "sha256:f048cec7b26778210e28a0459867920654d48e5e62db0958433636cde4254f12", size = 434928, upload-time = "2024-09-17T15:59:51.827Z" },
]

[[package]]
name = "pydantic-core"
version = "2.23.4"
source = { registry = "https://pypi.org/simple" }
dependencies = [
    { name = "typing-extensions" },
]
sdist = { url = "https://files.pythonhosted.org/packages/e2/aa/6b6a9b9f8537b872f552ddd46dd3da230367754b6f707b8e1e963f515ea3/pydantic_core-2.23.4.tar.gz", hash = "sha256:2584f7cf844ac4d970fba483a717dbe10c1c1c96a969bf65d61ffe94df1b2863", size = 402156, upload-time = "2024-09-16T16:06:44.786Z" }
wheels = [
    { url = "https://files.pythonhosted.org/packages/5d/30/890a583cd3f2be27ecf32b479d5d615710bb926d92da03e3f7838ff3e58b/pydantic_core-2.23.4-cp311-cp311-macosx_10_12_x86_64.whl", hash = "sha256:77733e3892bb0a7fa797826361ce8a9184d25c8dffaec60b7ffe928153680ba8", size = 1865160, upload-time = "2024-09-16T16:04:18.628Z" },
    { url = "https://files.pythonhosted.org/packages/1d/9a/b634442e1253bc6889c87afe8bb59447f106ee042140bd57680b3b113ec7/pydantic_core-2.23.4-cp311-cp311-macosx_11_0_arm64.whl", hash = "sha256:1b84d168f6c48fabd1f2027a3d1bdfe62f92cade1fb273a5d68e621da0e44e6d", size = 1776777, upload-time = "2024-09-16T16:04:20.038Z" },
    { url = "https://files.pythonhosted.org/packages/75/9a/7816295124a6b08c24c96f9ce73085032d8bcbaf7e5a781cd41aa910c891/pydantic_core-2.23.4-cp311-cp311-manylinux_2_17_aarch64.manylinux2014_aarch64.whl", hash = "sha256:df49e7a0861a8c36d089c1ed57d308623d60416dab2647a4a17fe050ba85de0e", size = 1799244, upload-time = "2024-09-16T16:04:21.799Z" },
    { url = "https://files.pythonhosted.org/packages/a9/8f/89c1405176903e567c5f99ec53387449e62f1121894aa9fc2c4fdc51a59b/pydantic_core-2.23.4-cp311-cp311-manylinux_2_17_armv7l.manylinux2014_armv7l.whl", hash = "sha256:ff02b6d461a6de369f07ec15e465a88895f3223eb75073ffea56b84d9331f607", size = 1805307, upload-time = "2024-09-16T16:04:23.324Z" },
    { url = "https://files.pythonhosted.org/packages/d5/a5/1a194447d0da1ef492e3470680c66048fef56fc1f1a25cafbea4bc1d1c48/pydantic_core-2.23.4-cp311-cp311-manylinux_2_17_ppc64le.manylinux2014_ppc64le.whl", hash = "sha256:996a38a83508c54c78a5f41456b0103c30508fed9abcad0a59b876d7398f25fd", size = 2000663, upload-time = "2024-09-16T16:04:25.203Z" },
    { url = "https://files.pythonhosted.org/packages/13/a5/1df8541651de4455e7d587cf556201b4f7997191e110bca3b589218745a5/pydantic_core-2.23.4-cp311-cp311-manylinux_2_17_s390x.manylinux2014_s390x.whl", hash = "sha256:d97683ddee4723ae8c95d1eddac7c192e8c552da0c73a925a89fa8649bf13eea", size = 2655941, upload-time = "2024-09-16T16:04:27.211Z" },
    { url = "https://files.pythonhosted.org/packages/44/31/a3899b5ce02c4316865e390107f145089876dff7e1dfc770a231d836aed8/pydantic_core-2.23.4-cp311-cp311-manylinux_2_17_x86_64.manylinux2014_x86_64.whl", hash = "sha256:216f9b2d7713eb98cb83c80b9c794de1f6b7e3145eef40400c62e86cee5f4e1e", size = 2052105, upload-time = "2024-09-16T16:04:28.611Z" },
    { url = "https://files.pythonhosted.org/packages/1b/aa/98e190f8745d5ec831f6d5449344c48c0627ac5fed4e5340a44b74878f8e/pydantic_core-2.23.4-cp311-cp311-manylinux_2_5_i686.manylinux1_i686.whl", hash = "sha256:6f783e0ec4803c787bcea93e13e9932edab72068f68ecffdf86a99fd5918878b", size = 1919967, upload-time = "2024-09-16T16:04:30.045Z" },
    { url = "https://files.pythonhosted.org/packages/ae/35/b6e00b6abb2acfee3e8f85558c02a0822e9a8b2f2d812ea8b9079b118ba0/pydantic_core-2.23.4-cp311-cp311-musllinux_1_1_aarch64.whl", hash = "sha256:d0776dea117cf5272382634bd2a5c1b6eb16767c223c6a5317cd3e2a757c61a0", size = 1964291, upload-time = "2024-09-16T16:04:32.376Z" },
    { url = "https://files.pythonhosted.org/packages/13/46/7bee6d32b69191cd649bbbd2361af79c472d72cb29bb2024f0b6e350ba06/pydantic_core-2.23.4-cp311-cp311-musllinux_1_1_x86_64.whl", hash = "sha256:d5f7a395a8cf1621939692dba2a6b6a830efa6b3cee787d82c7de1ad2930de64", size = 2109666, upload-time = "2024-09-16T16:04:33.923Z" },
    { url = "https://files.pythonhosted.org/packages/39/ef/7b34f1b122a81b68ed0a7d0e564da9ccdc9a2924c8d6c6b5b11fa3a56970/pydantic_core-2.23.4-cp311-none-win32.whl", hash = "sha256:74b9127ffea03643e998e0c5ad9bd3811d3dac8c676e47db17b0ee7c3c3bf35f", size = 1732940, upload-time = "2024-09-16T16:04:35.467Z" },
    { url = "https://files.pythonhosted.org/packages/2f/76/37b7e76c645843ff46c1d73e046207311ef298d3f7b2f7d8f6ac60113071/pydantic_core-2.23.4-cp311-none-win_amd64.whl", hash = "sha256:98d134c954828488b153d88ba1f34e14259284f256180ce659e8d83e9c05eaa3", size = 1916804, upload-time = "2024-09-16T16:04:37.06Z" },
]

[[package]]
name = "python-dotenv"
version = "1.0.1"
source = { registry = "https://pypi.org/simple" }
sdist = { url = "https://files.pythonhosted.org/packages/bc/57/e84d88dfe0aec03b7a2d4327012c1627ab5f03652216c63d49846d7a6c58/python-dotenv-1.0.1.tar.gz", hash = "sha256:e324ee90a023d808f1959c46bcbc04446a10ced277783dc6ee09987c37ec10ca", size = 39115, upload-time = "2024-01-23T06:33:00.505Z" }
wheels = [
    { url = "https://files.pythonhosted.org/packages/6a/3e/b68c118422ec867fa7ab88444e1274aa40681c606d59ac27de5a5588f082/python_dotenv-1.0.1-py3-none-any.whl", hash = "sha256:f7b63ef50f1b690dddf550d03497b66d609393b40b564ed0d674909a68ebf16a", size = 19863, upload-time = "2024-01-23T06:32:58.246Z" },
]

[[package]]
name = "pyyaml"
version = "6.0.2"
source = { registry = "https://pypi.org/simple" }
sdist = { url = "https://files.pythonhosted.org/packages/54/ed/79a089b6be93607fa5cdaedf301d7dfb23af5f25c398d5ead2525b063e17/pyyaml-6.0.2.tar.gz", hash = "sha256:d584d9ec91ad65861cc08d42e834324ef890a082e591037abe114850ff7bbc3e", size = 130631, upload-time = "2024-08-06T20:33:50.674Z" }
wheels = [
    { url = "https://files.pythonhosted.org/packages/f8/aa/7af4e81f7acba21a4c6be026da38fd2b872ca46226673c89a758ebdc4fd2/PyYAML-6.0.2-cp311-cp311-macosx_10_9_x86_64.whl", hash = "sha256:cc1c1159b3d456576af7a3e4d1ba7e6924cb39de8f67111c735f6fc832082774", size = 184612, upload-time = "2024-08-06T20:32:03.408Z" },
    { url = "https://files.pythonhosted.org/packages/8b/62/b9faa998fd185f65c1371643678e4d58254add437edb764a08c5a98fb986/PyYAML-6.0.2-cp311-cp311-macosx_11_0_arm64.whl", hash = "sha256:1e2120ef853f59c7419231f3bf4e7021f1b936f6ebd222406c3b60212205d2ee", size = 172040, upload-time = "2024-08-06T20:32:04.926Z" },
    { url = "https://files.pythonhosted.org/packages/ad/0c/c804f5f922a9a6563bab712d8dcc70251e8af811fce4524d57c2c0fd49a4/PyYAML-6.0.2-cp311-cp311-manylinux_2_17_aarch64.manylinux2014_aarch64.whl", hash = "sha256:5d225db5a45f21e78dd9358e58a98702a0302f2659a3c6cd320564b75b86f47c", size = 736829, upload-time = "2024-08-06T20:32:06.459Z" },
    { url = "https://files.pythonhosted.org/packages/51/16/6af8d6a6b210c8e54f1406a6b9481febf9c64a3109c541567e35a49aa2e7/PyYAML-6.0.2-cp311-cp311-manylinux_2_17_s390x.manylinux2014_s390x.whl", hash = "sha256:5ac9328ec4831237bec75defaf839f7d4564be1e6b25ac710bd1a96321cc8317", size = 764167, upload-time = "2024-08-06T20:32:08.338Z" },
    { url = "https://files.pythonhosted.org/packages/75/e4/2c27590dfc9992f73aabbeb9241ae20220bd9452df27483b6e56d3975cc5/PyYAML-6.0.2-cp311-cp311-manylinux_2_17_x86_64.manylinux2014_x86_64.whl", hash = "sha256:3ad2a3decf9aaba3d29c8f537ac4b243e36bef957511b4766cb0057d32b0be85", size = 762952, upload-time = "2024-08-06T20:32:14.124Z" },
    { url = "https://files.pythonhosted.org/packages/9b/97/ecc1abf4a823f5ac61941a9c00fe501b02ac3ab0e373c3857f7d4b83e2b6/PyYAML-6.0.2-cp311-cp311-musllinux_1_1_aarch64.whl", hash = "sha256:ff3824dc5261f50c9b0dfb3be22b4567a6f938ccce4587b38952d85fd9e9afe4", size = 735301, upload-time = "2024-08-06T20:32:16.17Z" },
    { url = "https://files.pythonhosted.org/packages/45/73/0f49dacd6e82c9430e46f4a027baa4ca205e8b0a9dce1397f44edc23559d/PyYAML-6.0.2-cp311-cp311-musllinux_1_1_x86_64.whl", hash = "sha256:797b4f722ffa07cc8d62053e4cff1486fa6dc094105d13fea7b1de7d8bf71c9e", size = 756638, upload-time = "2024-08-06T20:32:18.555Z" },
    { url = "https://files.pythonhosted.org/packages/22/5f/956f0f9fc65223a58fbc14459bf34b4cc48dec52e00535c79b8db361aabd/PyYAML-6.0.2-cp311-cp311-win32.whl", hash = "sha256:11d8f3dd2b9c1207dcaf2ee0bbbfd5991f571186ec9cc78427ba5bd32afae4b5", size = 143850, upload-time = "2024-08-06T20:32:19.889Z" },
    { url = "https://files.pythonhosted.org/packages/ed/23/8da0bbe2ab9dcdd11f4f4557ccaf95c10b9811b13ecced089d43ce59c3c8/PyYAML-6.0.2-cp311-cp311-win_amd64.whl", hash = "sha256:e10ce637b18caea04431ce14fabcf5c64a1c61ec9c56b071a4b7ca131ca52d44", size = 161980, upload-time = "2024-08-06T20:32:21.273Z" },
]

[[package]]
name = "rank-bm25"
version = "0.2.2"
source = { registry = "https://pypi.org/simple" }
dependencies = [
    { name = "numpy" },
]
sdist = { url = "https://files.pythonhosted.org/packages/fc/0a/f9579384aa017d8b4c15613f86954b92a95a93d641cc849182467cf0bb3b/rank_bm25-0.2.2.tar.gz", hash = "sha256:096ccef76f8188563419aaf384a02f0ea459503fdf77901378d4fd9d87e5e51d", size = 8347, upload-time = "2022-02-16T12:10:52.196Z" }
wheels = [
    { url = "https://files.pythonhosted.org/packages/2a/21/f691fb2613100a62b3fa91e9988c991e9ca5b89ea31c0d3152a3210344f9/rank_bm25-0.2.2-py3-none-any.whl", hash = "sha256:7bd4a95571adadfc271746fa146a4bcfd89c0cf731e49c3d1ad863290adbe8ae", size = 8584, upload-time = "2022-02-16T12:10:50.626Z" },
]

[[package]]
name = "regex"
version = "2026.5.9"
source = { registry = "https://pypi.org/simple" }
sdist = { url = "https://files.pythonhosted.org/packages/dc/0e/49aee608ad09480e7fd276898c99ec6192985fa331abe4eb3a986094490b/regex-2026.5.9.tar.gz", hash = "sha256:a8234aa23ec39894bfe4a3f1b85616a7032481964a13ac6fc9f10de4f6fca270", size = 416074, upload-time = "2026-05-09T23:15:19.37Z" }
wheels = [
    { url = "https://files.pythonhosted.org/packages/c2/dc/c1f2df4027e82fc54b5a473e4b250f5139faca49a0fbe29a48668d228f34/regex-2026.5.9-cp311-cp311-macosx_10_9_universal2.whl", hash = "sha256:ccf5249114cc3e772ecdd88a98a86eca0fd74c61ce32a94743758c083fc05d48", size = 489445, upload-time = "2026-05-09T23:12:06.111Z" },
    { url = "https://files.pythonhosted.org/packages/03/d2/59f01110660081cce9c0bc30ebd0b5ee250dacf658e3248ed92f01e0e8ee/regex-2026.5.9-cp311-cp311-macosx_10_9_x86_64.whl", hash = "sha256:46f1326ca6e65b0879d23ca302c0f2415aad42ff0309b9c818e7949fe19a41d8", size = 291271, upload-time = "2026-05-09T23:12:07.731Z" },
    { url = "https://files.pythonhosted.org/packages/58/b6/14b2c84ff90ddb370c81d27503f4a0fcf071496416f4855f6cc8c5d81c35/regex-2026.5.9-cp311-cp311-macosx_11_0_arm64.whl", hash = "sha256:ef31cbfe458e21c6122ba8150ff060e0c7789ed0d26eb423f25472584920b555", size = 289212, upload-time = "2026-05-09T23:12:09.266Z" },
    { url = "https://files.pythonhosted.org/packages/03/d0/4db86529117320de0c84afd90e70bb47434625875e34fcef9d8c127c5b16/regex-2026.5.9-cp311-cp311-manylinux2014_aarch64.manylinux_2_17_aarch64.manylinux_2_28_aarch64.whl", hash = "sha256:992604d02e6d9c6d786c24a706a71ecffe1020fc1ef264044474cd81fa2c3919", size = 792310, upload-time = "2026-05-09T23:12:11.416Z" },
    { url = "https://files.pythonhosted.org/packages/07/78/fe4800cd322f862ecffd2d553409b20d80650e5ed71b9d178f853d020b82/regex-2026.5.9-cp311-cp311-manylinux2014_ppc64le.manylinux_2_17_ppc64le.manylinux_2_28_ppc64le.whl", hash = "sha256:c9411dd64ca95477225734a93dfc8583b51916b8d5942f99d6cac21e09965451", size = 861721, upload-time = "2026-05-09T23:12:13.681Z" },
    { url = "https://files.pythonhosted.org/packages/b5/d0/b3618a895dd8feb897c61bb2954edd265e1767d82a01d53065d5871127a3/regex-2026.5.9-cp311-cp311-manylinux2014_s390x.manylinux_2_17_s390x.manylinux_2_28_s390x.whl", hash = "sha256:3dd4a3ff360dfb836fecdb93a4598f9d6e2ac81e3e397125145c6221bf58cf4c", size = 906460, upload-time = "2026-05-09T23:12:15.443Z" },
    { url = "https://files.pythonhosted.org/packages/33/6f/1481597e859ef19508b345eec4afd1416ed6e6b459c75a64026ef193aecf/regex-2026.5.9-cp311-cp311-manylinux2014_x86_64.manylinux_2_17_x86_64.manylinux_2_28_x86_64.whl", hash = "sha256:2a661a7d270a61f7cf460caee8b9fa2d5ef9e5c681234bcb9e0fe14f488e7dfc", size = 799843, upload-time = "2026-05-09T23:12:16.892Z" },
    { url = "https://files.pythonhosted.org/packages/73/59/955734c803f59108deccba3597ae440c76b62a652733c0006e6243758420/regex-2026.5.9-cp311-cp311-manylinux_2_31_riscv64.manylinux_2_39_riscv64.whl", hash = "sha256:f079e50a0d3cc3cd5091fa9ff45869a2e6b2cd35895731edafb0327901a8d86d", size = 773610, upload-time = "2026-05-09T23:12:19.127Z" },
    { url = "https://files.pythonhosted.org/packages/68/8f/70c04a236d651c81881dac42ef8538bddda6121434509d0a22d9e601503b/regex-2026.5.9-cp311-cp311-musllinux_1_2_aarch64.whl", hash = "sha256:4ebe8f0b5ec5a5024dc4a4c59f444c4e9afc5f2abdbb8962065b75d27fb971f9", size = 781645, upload-time = "2026-05-09T23:12:20.806Z" },
    { url = "https://files.pythonhosted.org/packages/1d/96/05c7434d88185e5d27fe54aeb74df86bd77cd79f52f0b4eae54faa8fea70/regex-2026.5.9-cp311-cp311-musllinux_1_2_ppc64le.whl", hash = "sha256:97cf3bc1b7d7d2306772ec07366c80d9df00ff79e79cea32898883a646d2fae2", size = 854473, upload-time = "2026-05-09T23:12:22.465Z" },
    { url = "https://files.pythonhosted.org/packages/4e/c1/6e3d8202d981f3117004bf341ee74893ba4ba8a9fbaf4b94615846550a08/regex-2026.5.9-cp311-cp311-musllinux_1_2_riscv64.whl", hash = "sha256:0f9eede6a5cbdc02d4978090186390936e1776a7d1359b21e41014c609880bcf", size = 763311, upload-time = "2026-05-09T23:12:24.351Z" },
    { url = "https://files.pythonhosted.org/packages/93/c7/e7737f1526b3fb32bd4c337fd6c71c3ebb5c8296fc34d11197e0955d2e35/regex-2026.5.9-cp311-cp311-musllinux_1_2_s390x.whl", hash = "sha256:01f0f5f55f4b64dacec85dc116d3c05fd23ad3ff037bbc73a2085775953c2611", size = 844593, upload-time = "2026-05-09T23:12:26.341Z" },
    { url = "https://files.pythonhosted.org/packages/a5/27/0daffb1a535bb39f422c3d200f4ab023c71110ad66a32b366bee708baba0/regex-2026.5.9-cp311-cp311-musllinux_1_2_x86_64.whl", hash = "sha256:1268eddd8486dc561d08eee1156e40aa3a8fe10f4bdec8fa653b455fcbffd12c", size = 789167, upload-time = "2026-05-09T23:12:27.975Z" },
    { url = "https://files.pythonhosted.org/packages/ce/fc/294fe4fac4f2ed67207b17471815870c1c45b3a489e08e0ac96daea16ef6/regex-2026.5.9-cp311-cp311-win32.whl", hash = "sha256:8676474c07469d6f33dd1085ca2cd45f65785f32518f2b20e36d9953ca07f994", size = 266249, upload-time = "2026-05-09T23:12:30.141Z" },
    { url = "https://files.pythonhosted.org/packages/d0/b0/8dce459f6245bcf8f6e9f23ac9569f1a0f15c131cc0745e82b43226204cf/regex-2026.5.9-cp311-cp311-win_amd64.whl", hash = "sha256:246de9d60aa3f8538b519834dd95cbf276ea263d6a7bd5a3666dc3fa0230505b", size = 278423, upload-time = "2026-05-09T23:12:31.676Z" },
    { url = "https://files.pythonhosted.org/packages/db/8d/f9aeff6ad63a3ef720386f2907e6d34a35a510a6e498ebad28b0fb3f6ab6/regex-2026.5.9-cp311-cp311-win_arm64.whl", hash = "sha256:d726ca3f0d76969bf1e8e477d160d3d666bbf999f6860bd314889e5345782046", size = 270420, upload-time = "2026-05-09T23:12:33.194Z" },
]

[[package]]
name = "requests"
version = "2.32.3"
source = { registry = "https://pypi.org/simple" }
dependencies = [
    { name = "certifi" },
    { name = "charset-normalizer" },
    { name = "idna" },
    { name = "urllib3" },
]
sdist = { url = "https://files.pythonhosted.org/packages/63/70/2bf7780ad2d390a8d301ad0b550f1581eadbd9a20f896afe06353c2a2913/requests-2.32.3.tar.gz", hash = "sha256:55365417734eb18255590a9ff9eb97e9e1da868d4ccd6402399eaf68af20a760", size = 131218, upload-time = "2024-05-29T15:37:49.536Z" }
wheels = [
    { url = "https://files.pythonhosted.org/packages/f9/9b/335f9764261e915ed497fcdeb11df5dfd6f7bf257d4a6a2a686d80da4d54/requests-2.32.3-py3-none-any.whl", hash = "sha256:70761cfe03c773ceb22aa2f671b4757976145175cdfca038c02654d061d6dcc6", size = 64928, upload-time = "2024-05-29T15:37:47.027Z" },
]

[[package]]
name = "sniffio"
version = "1.3.1"
source = { registry = "https://pypi.org/simple" }
sdist = { url = "https://files.pythonhosted.org/packages/a2/87/a6771e1546d97e7e041b6ae58d80074f81b7d5121207425c964ddf5cfdbd/sniffio-1.3.1.tar.gz", hash = "sha256:f4324edc670a0f49750a81b895f35c3adb843cca46f0530f79fc1babb23789dc", size = 20372, upload-time = "2024-02-25T23:20:04.057Z" }
wheels = [
    { url = "https://files.pythonhosted.org/packages/e9/44/75a9c9421471a6c4805dbf2356f7c181a29c1879239abab1ea2cc8f38b40/sniffio-1.3.1-py3-none-any.whl", hash = "sha256:2f6da418d1f1e0fddd844478f41680e794e6051915791a034ff65e5f100525a2", size = 10235, upload-time = "2024-02-25T23:20:01.196Z" },
]

[[package]]
name = "tiktoken"
version = "0.8.0"
source = { registry = "https://pypi.org/simple" }
dependencies = [
    { name = "regex" },
    { name = "requests" },
]
sdist = { url = "https://files.pythonhosted.org/packages/37/02/576ff3a6639e755c4f70997b2d315f56d6d71e0d046f4fb64cb81a3fb099/tiktoken-0.8.0.tar.gz", hash = "sha256:9ccbb2740f24542534369c5635cfd9b2b3c2490754a78ac8831d99f89f94eeb2", size = 35107, upload-time = "2024-10-03T22:44:04.196Z" }
wheels = [
    { url = "https://files.pythonhosted.org/packages/f6/1e/ca48e7bfeeccaf76f3a501bd84db1fa28b3c22c9d1a1f41af9fb7579c5f6/tiktoken-0.8.0-cp311-cp311-macosx_10_9_x86_64.whl", hash = "sha256:d622d8011e6d6f239297efa42a2657043aaed06c4f68833550cac9e9bc723ef1", size = 1039700, upload-time = "2024-10-03T22:43:28.315Z" },
    { url = "https://files.pythonhosted.org/packages/8c/f8/f0101d98d661b34534769c3818f5af631e59c36ac6d07268fbfc89e539ce/tiktoken-0.8.0-cp311-cp311-macosx_11_0_arm64.whl", hash = "sha256:2efaf6199717b4485031b4d6edb94075e4d79177a172f38dd934d911b588d54a", size = 982413, upload-time = "2024-10-03T22:43:29.807Z" },
    { url = "https://files.pythonhosted.org/packages/ac/3c/2b95391d9bd520a73830469f80a96e3790e6c0a5ac2444f80f20b4b31051/tiktoken-0.8.0-cp311-cp311-manylinux_2_17_aarch64.manylinux2014_aarch64.whl", hash = "sha256:5637e425ce1fc49cf716d88df3092048359a4b3bbb7da762840426e937ada06d", size = 1144242, upload-time = "2024-10-04T04:42:53.66Z" },
    { url = "https://files.pythonhosted.org/packages/01/c4/c4a4360de845217b6aa9709c15773484b50479f36bb50419c443204e5de9/tiktoken-0.8.0-cp311-cp311-manylinux_2_17_x86_64.manylinux2014_x86_64.whl", hash = "sha256:9fb0e352d1dbe15aba082883058b3cce9e48d33101bdaac1eccf66424feb5b47", size = 1176588, upload-time = "2024-10-03T22:43:31.136Z" },
    { url = "https://files.pythonhosted.org/packages/f8/a3/ef984e976822cd6c2227c854f74d2e60cf4cd6fbfca46251199914746f78/tiktoken-0.8.0-cp311-cp311-musllinux_1_2_x86_64.whl", hash = "sha256:56edfefe896c8f10aba372ab5706b9e3558e78db39dd497c940b47bf228bc419", size = 1237261, upload-time = "2024-10-03T22:43:32.75Z" },
    { url = "https://files.pythonhosted.org/packages/1e/86/eea2309dc258fb86c7d9b10db536434fc16420feaa3b6113df18b23db7c2/tiktoken-0.8.0-cp311-cp311-win_amd64.whl", hash = "sha256:326624128590def898775b722ccc327e90b073714227175ea8febbc920ac0a99", size = 884537, upload-time = "2024-10-03T22:43:34.592Z" },
]

[[package]]
name = "tqdm"
version = "4.66.5"
source = { registry = "https://pypi.org/simple" }
dependencies = [
    { name = "colorama", marker = "sys_platform == 'win32'" },
]
sdist = { url = "https://files.pythonhosted.org/packages/58/83/6ba9844a41128c62e810fddddd72473201f3eacde02046066142a2d96cc5/tqdm-4.66.5.tar.gz", hash = "sha256:e1020aef2e5096702d8a025ac7d16b1577279c9d63f8375b63083e9a5f0fcbad", size = 169504, upload-time = "2024-08-03T22:35:40.339Z" }
wheels = [
    { url = "https://files.pythonhosted.org/packages/48/5d/acf5905c36149bbaec41ccf7f2b68814647347b72075ac0b1fe3022fdc73/tqdm-4.66.5-py3-none-any.whl", hash = "sha256:90279a3770753eafc9194a0364852159802111925aa30eb3f9d85b0e805ac7cd", size = 78351, upload-time = "2024-08-03T22:35:36.644Z" },
]

[[package]]
name = "typing-extensions"
version = "4.15.0"
source = { registry = "https://pypi.org/simple" }
sdist = { url = "https://files.pythonhosted.org/packages/72/94/1a15dd82efb362ac84269196e94cf00f187f7ed21c242792a923cdb1c61f/typing_extensions-4.15.0.tar.gz", hash = "sha256:0cea48d173cc12fa28ecabc3b837ea3cf6f38c6d1136f85cbaaf598984861466", size = 109391, upload-time = "2025-08-25T13:49:26.313Z" }
wheels = [
    { url = "https://files.pythonhosted.org/packages/18/67/36e9267722cc04a6b9f15c7f3441c2363321a3ea07da7ae0c0707beb2a9c/typing_extensions-4.15.0-py3-none-any.whl", hash = "sha256:f0fa19c6845758ab08074a0cfa8b7aecb71c999ca73d62883bc25cc018c4e548", size = 44614, upload-time = "2025-08-25T13:49:24.86Z" },
]

[[package]]
name = "urllib3"
version = "2.7.0"
source = { registry = "https://pypi.org/simple" }
sdist = { url = "https://files.pythonhosted.org/packages/53/0c/06f8b233b8fd13b9e5ee11424ef85419ba0d8ba0b3138bf360be2ff56953/urllib3-2.7.0.tar.gz", hash = "sha256:231e0ec3b63ceb14667c67be60f2f2c40a518cb38b03af60abc813da26505f4c", size = 433602, upload-time = "2026-05-07T16:13:18.596Z" }
wheels = [
    { url = "https://files.pythonhosted.org/packages/7f/3e/5db95bcf282c52709639744ca2a8b149baccf648e39c8cc87553df9eae0c/urllib3-2.7.0-py3-none-any.whl", hash = "sha256:9fb4c81ebbb1ce9531cce37674bbc6f1360472bc18ca9a553ede278ef7276897", size = 131087, upload-time = "2026-05-07T16:13:17.151Z" },
]
